# This file was autogenerated by Stack.
# You should not edit this file by hand.
# For more information, please see the documentation at:
#   https://docs.haskellstack.org/en/stable/lock_files

packages:
- completed:
    hackage: text-ansi-0.1.0@sha256:2112c437a4be5337a3e99b63aa05414bac03f1f6e6f5147048f9c9c5777a1d62,1389
    pantry-tree:
      size: 317
      sha256: d2aa51b82fed1411d86a35e3a0c4bf19e043464017bdda63d6ff5c97c444d5ed
  original:
    hackage: text-ansi-0.1.0@sha256:2112c437a4be5337a3e99b63aa05414bac03f1f6e6f5147048f9c9c5777a1d62,1389
- completed:
    hackage: list-singleton-1.0.0.2@sha256:985c07bd5e44f3e21ff460b474b5fcc3c33c7082eaedf67905378ec707e7c4d0,1100
    pantry-tree:
      size: 414
      sha256: b992fe25c3c892f120936a2b6e5743039151a939682423e9acd68723406c0198
  original:
    hackage: list-singleton-1.0.0.2@sha256:985c07bd5e44f3e21ff460b474b5fcc3c33c7082eaedf67905378ec707e7c4d0,1100
- completed:
    name: scss-format
    version: 0.1.0.0
    git: git@github.com:srghma/scss-format.git
    pantry-tree:
      size: 2751
      sha256: 782c5ce35408976f2b269494781605a4bb38c345fcfba866c21cb8e0c47021df
    commit: 01e7d09c519be0ad8c5158cad59deb3c70414efa
  original:
    git: git@github.com:srghma/scss-format.git
    commit: 01e7d09c519be0ad8c5158cad59deb3c70414efa
snapshots:
- completed:
    size: 525876
    url: https://raw.githubusercontent.com/commercialhaskell/stackage-snapshots/master/lts/14/13.yaml
    sha256: 4a0e79eb194c937cc2a1852ff84d983c63ac348dc6bad5f38d20cab697036eef
  original: lts-14.13
