# This file was autogenerated by Stack.
# You should not edit this file by hand.
# For more information, please see the documentation at:
#   https://docs.haskellstack.org/en/stable/lock_files

packages:
- completed:
    size: 4880
    url: https://github.com/srghma/cases/archive/a579b01d589f8e533d2978fa4f9ded6a83e281b4.tar.gz
    cabal-file:
      size: 3587
      sha256: a4e35c02f5653536693f093d5be1085de148f474309802e75bb9cf4603459370
    name: cases
    version: 0.1.3.2
    sha256: 825893c2e2379bbb7d78f9acbb79bef3616d0426bc59677265dc143a6b232ded
    pantry-tree:
      size: 400
      sha256: 86c60ded66d404f9eac9713693424d2b5f7b0bddd6ed8c09ea8ab70e213130df
  original:
    url: https://github.com/srghma/cases/archive/a579b01d589f8e533d2978fa4f9ded6a83e281b4.tar.gz
snapshots:
- completed:
    size: 524789
    url: https://raw.githubusercontent.com/commercialhaskell/stackage-snapshots/master/lts/14/18.yaml
    sha256: 646be71223e08234131c6989912e6011e01b9767bc447b6d466a35e14360bdf2
  original: lts-14.18
